
Microsoft Visual Studio Solution File, Format Version 12.00
# Visual Studio Version 16
VisualStudioVersion = 16.0.31729.503
MinimumVisualStudioVersion = 10.0.40219.1
Project("{FAE04EC0-301F-11D3-BF4B-00C04F79EFBC}") = "Atestat", "Atestat\Atestat.csproj", "{CE27821A-AEEA-484F-9AF7-588D2BE48F27}"
EndProject
Global
	GlobalSection(SolutionConfigurationPlatforms) = preSolution
		Debug|Any CPU = Debug|Any CPU
		Release|Any CPU = Release|Any CPU
	EndGlobalSection
	GlobalSection(ProjectConfigurationPlatforms) = postSolution
		{CE27821A-AEEA-484F-9AF7-588D2BE48F27}.Debug|Any CPU.ActiveCfg = Debug|Any CPU
		{CE27821A-AEEA-484F-9AF7-588D2BE48F27}.Debug|Any CPU.Build.0 = Debug|Any CPU
		{CE27821A-AEEA-484F-9AF7-588D2BE48F27}.Release|Any CPU.ActiveCfg = Release|Any CPU
		{CE27821A-AEEA-484F-9AF7-588D2BE48F27}.Release|Any CPU.Build.0 = Release|Any CPU
	EndGlobalSection
	GlobalSection(SolutionProperties) = preSolution
		HideSolutionNode = FALSE
	EndGlobalSection
	GlobalSection(ExtensibilityGlobals) = postSolution
		SolutionGuid = {35FEC838-FCD8-4F38-BBE5-D550419FC8B2}
	EndGlobalSection
EndGlobal
